// !$*UTF8*$!
{
	archiveVersion = 1;
	classes = {
	};
	objectVersion = 77;
	objects = {

/* Begin PBXBuildFile section */
		AA92CBFC2F08381D008DB807 /* IconDesignSystem.swift in Sources */ = {isa = PBXBuildFile; fileRef = AA92CBFB2F08381D008DB807 /* IconDesignSystem.swift */; };
		AA92CC002F083981008DB807 /* LazyPacketApp.swift in Sources */ = {isa = PBXBuildFile; fileRef = AA92CBFF2F083981008DB807 /* LazyPacketApp.swift */; };
		AA92CC022F083986008DB807 /* ContentView.swift in Sources */ = {isa = PBXBuildFile; fileRef = AA92CC012F083986008DB807 /* ContentView.swift */; };
		AA92CC042F0839AB008DB807 /* DeviceSidebarView.swift in Sources */ = {isa = PBXBuildFile; fileRef = AA92CC032F0839AB008DB807 /* DeviceSidebarView.swift */; };
		AA92CC062F0839D9008DB807 /* MainContentView.swift in Sources */ = {isa = PBXBuildFile; fileRef = AA92CC052F0839D9008DB807 /* MainContentView.swift */; };
		AA92CC082F0839F9008DB807 /* AddDeviceSheet.swift in Sources */ = {isa = PBXBuildFile; fileRef = AA92CC072F0839F9008DB807 /* AddDeviceSheet.swift */; };
		AA92CC0A2F083A27008DB807 /* WakeOnLANViewModel.swift in Sources */ = {isa = PBXBuildFile; fileRef = AA92CC092F083A27008DB807 /* WakeOnLANViewModel.swift */; };
		AA92CC0E2F083EE7008DB807 /* Colors.swift in Sources */ = {isa = PBXBuildFile; fileRef = AA92CC0D2F083EE7008DB807 /* Colors.swift */; };
/* End PBXBuildFile section */

/* Begin PBXContainerItemProxy section */
		AACC042F2F0028A100C35FA6 /* PBXContainerItemProxy */ = {
			isa = PBXContainerItemProxy;
			containerPortal = AACC04132F00289F00C35FA6 /* Project object */;
			proxyType = 1;
			remoteGlobalIDString = AACC041A2F00289F00C35FA6;
			remoteInfo = LazyPacket;
		};
		AACC04392F0028A100C35FA6 /* PBXContainerItemProxy */ = {
			isa = PBXContainerItemProxy;
			containerPortal = AACC04132F00289F00C35FA6 /* Project object */;
			proxyType = 1;
			remoteGlobalIDString = AACC041A2F00289F00C35FA6;
			remoteInfo = LazyPacket;
		};
/* End PBXContainerItemProxy section */

/* Begin PBXFileReference section */
		AA92CBFB2F08381D008DB807 /* IconDesignSystem.swift */ = {isa = PBXFileReference; lastKnownFileType = sourcecode.swift; path = IconDesignSystem.swift; sourceTree = "<group>"; };
		AA92CBFF2F083981008DB807 /* LazyPacketApp.swift */ = {isa = PBXFileReference; lastKnownFileType = sourcecode.swift; path = LazyPacketApp.swift; sourceTree = "<group>"; };
		AA92CC012F083986008DB807 /* ContentView.swift */ = {isa = PBXFileReference; lastKnownFileType = sourcecode.swift; path = ContentView.swift; sourceTree = "<group>"; };
		AA92CC032F0839AB008DB807 /* DeviceSidebarView.swift */ = {isa = PBXFileReference; lastKnownFileType = sourcecode.swift; path = DeviceSidebarView.swift; sourceTree = "<group>"; };
		AA92CC052F0839D9008DB807 /* MainContentView.swift */ = {isa = PBXFileReference; lastKnownFileType = sourcecode.swift; path = MainContentView.swift; sourceTree = "<group>"; };
		AA92CC072F0839F9008DB807 /* AddDeviceSheet.swift */ = {isa = PBXFileReference; lastKnownFileType = sourcecode.swift; path = AddDeviceSheet.swift; sourceTree = "<group>"; };
		AA92CC092F083A27008DB807 /* WakeOnLANViewModel.swift */ = {isa = PBXFileReference; lastKnownFileType = sourcecode.swift; path = WakeOnLANViewModel.swift; sourceTree = "<group>"; };
		AA92CC0D2F083EE7008DB807 /* Colors.swift */ = {isa = PBXFileReference; lastKnownFileType = sourcecode.swift; path = Colors.swift; sourceTree = "<group>"; };
		AA92CC0F2F085848008DB807 /* LazyPacket.entitlements */ = {isa = PBXFileReference; lastKnownFileType = text.plist.entitlements; path = LazyPacket.entitlements; sourceTree = "<group>"; };
		AACC041B2F00289F00C35FA6 /* LazyPacket.app */ = {isa = PBXFileReference; explicitFileType = wrapper.application; includeInIndex = 0; path = LazyPacket.app; sourceTree = BUILT_PRODUCTS_DIR; };
		AACC042E2F0028A100C35FA6 /* LazyPacketTests.xctest */ = {isa = PBXFileReference; explicitFileType = wrapper.cfbundle; includeInIndex = 0; path = LazyPacketTests.xctest; sourceTree = BUILT_PRODUCTS_DIR; };
		AACC04382F0028A100C35FA6 /* LazyPacketUITests.xctest */ = {isa = PBXFileReference; explicitFileType = wrapper.cfbundle; includeInIndex = 0; path = LazyPacketUITests.xctest; sourceTree = BUILT_PRODUCTS_DIR; };
/* End PBXFileReference section */

/* Begin PBXFileSystemSynchronizedRootGroup section */
		AACC041D2F00289F00C35FA6 /* LazyPacket */ = {
			isa = PBXFileSystemSynchronizedRootGroup;
			path = LazyPacket;
			sourceTree = "<group>";
		};
		AACC04312F0028A100C35FA6 /* LazyPacketTests */ = {
			isa = PBXFileSystemSynchronizedRootGroup;
			path = LazyPacketTests;
			sourceTree = "<group>";
		};
		AACC043B2F0028A100C35FA6 /* LazyPacketUITests */ = {
			isa = PBXFileSystemSynchronizedRootGroup;
			path = LazyPacketUITests;
			sourceTree = "<group>";
		};
/* End PBXFileSystemSynchronizedRootGroup section */

/* Begin PBXFrameworksBuildPhase section */
		AACC04182F00289F00C35FA6 /* Frameworks */ = {
			isa = PBXFrameworksBuildPhase;
			buildActionMask = 2147483647;
			files = (
			);
			runOnlyForDeploymentPostprocessing = 0;
		};
		AACC042B2F0028A100C35FA6 /* Frameworks */ = {
			isa = PBXFrameworksBuildPhase;
			buildActionMask = 2147483647;
			files = (
			);
			runOnlyForDeploymentPostprocessing = 0;
		};
		AACC04352F0028A100C35FA6 /* Frameworks */ = {
			isa = PBXFrameworksBuildPhase;
			buildActionMask = 2147483647;
			files = (
			);
			runOnlyForDeploymentPostprocessing = 0;
		};
/* End PBXFrameworksBuildPhase section */

/* Begin PBXGroup section */
		AACC04122F00289F00C35FA6 = {
			isa = PBXGroup;
			children = (
				AACC041D2F00289F00C35FA6 /* LazyPacket */,
				AACC04312F0028A100C35FA6 /* LazyPacketTests */,
				AACC043B2F0028A100C35FA6 /* LazyPacketUITests */,
				AACC041C2F00289F00C35FA6 /* Products */,
				AA92CBFB2F08381D008DB807 /* IconDesignSystem.swift */,
				AA92CBFF2F083981008DB807 /* LazyPacketApp.swift */,
				AA92CC012F083986008DB807 /* ContentView.swift */,
				AA92CC032F0839AB008DB807 /* DeviceSidebarView.swift */,
				AA92CC052F0839D9008DB807 /* MainContentView.swift */,
				AA92CC072F0839F9008DB807 /* AddDeviceSheet.swift */,
				AA92CC092F083A27008DB807 /* WakeOnLANViewModel.swift */,
				AA92CC0D2F083EE7008DB807 /* Colors.swift */,
				AA92CC0F2F085848008DB807 /* LazyPacket.entitlements */,
			);
			sourceTree = "<group>";
		};
		AACC041C2F00289F00C35FA6 /* Products */ = {
			isa = PBXGroup;
			children = (
				AACC041B2F00289F00C35FA6 /* LazyPacket.app */,
				AACC042E2F0028A100C35FA6 /* LazyPacketTests.xctest */,
				AACC04382F0028A100C35FA6 /* LazyPacketUITests.xctest */,
			);
			name = Products;
			sourceTree = "<group>";
		};
/* End PBXGroup section */

/* Begin PBXNativeTarget section */
		AACC041A2F00289F00C35FA6 /* LazyPacket */ = {
			isa = PBXNativeTarget;
			buildConfigurationList = AACC04422F0028A100C35FA6 /* Build configuration list for PBXNativeTarget "LazyPacket" */;
			buildPhases = (
				AACC04172F00289F00C35FA6 /* Sources */,
				AACC04182F00289F00C35FA6 /* Frameworks */,
				AACC04192F00289F00C35FA6 /* Resources */,
			);
			buildRules = (
			);
			dependencies = (
			);
			fileSystemSynchronizedGroups = (
				AACC041D2F00289F00C35FA6 /* LazyPacket */,
			);
			name = LazyPacket;
			packageProductDependencies = (
			);
			productName = LazyPacket;
			productReference = AACC041B2F00289F00C35FA6 /* LazyPacket.app */;
			productType = "com.apple.product-type.application";
		};
		AACC042D2F0028A100C35FA6 /* LazyPacketTests */ = {
			isa = PBXNativeTarget;
			buildConfigurationList = AACC04452F0028A100C35FA6 /* Build configuration list for PBXNativeTarget "LazyPacketTests" */;
			buildPhases = (
				AACC042A2F0028A100C35FA6 /* Sources */,
				AACC042B2F0028A100C35FA6 /* Frameworks */,
				AACC042C2F0028A100C35FA6 /* Resources */,
			);
			buildRules = (
			);
			dependencies = (
				AACC04302F0028A100C35FA6 /* PBXTargetDependency */,
			);
			fileSystemSynchronizedGroups = (
				AACC04312F0028A100C35FA6 /* LazyPacketTests */,
			);
			name = LazyPacketTests;
			packageProductDependencies = (
			);
			productName = LazyPacketTests;
			productReference = AACC042E2F0028A100C35FA6 /* LazyPacketTests.xctest */;
			productType = "com.apple.product-type.bundle.unit-test";
		};
		AACC04372F0028A100C35FA6 /* LazyPacketUITests */ = {
			isa = PBXNativeTarget;
			buildConfigurationList = AACC04482F0028A100C35FA6 /* Build configuration list for PBXNativeTarget "LazyPacketUITests" */;
			buildPhases = (
				AACC04342F0028A100C35FA6 /* Sources */,
				AACC04352F0028A100C35FA6 /* Frameworks */,
				AACC04362F0028A100C35FA6 /* Resources */,
			);
			buildRules = (
			);
			dependencies = (
				AACC043A2F0028A100C35FA6 /* PBXTargetDependency */,
			);
			fileSystemSynchronizedGroups = (
				AACC043B2F0028A100C35FA6 /* LazyPacketUITests */,
			);
			name = LazyPacketUITests;
			packageProductDependencies = (
			);
			productName = LazyPacketUITests;
			productReference = AACC04382F0028A100C35FA6 /* LazyPacketUITests.xctest */;
			productType = "com.apple.product-type.bundle.ui-testing";
		};
/* End PBXNativeTarget section */

/* Begin PBXProject section */
		AACC04132F00289F00C35FA6 /* Project object */ = {
			isa = PBXProject;
			attributes = {
				BuildIndependentTargetsInParallel = 1;
				LastSwiftUpdateCheck = 2600;
				LastUpgradeCheck = 2600;
				TargetAttributes = {
					AACC041A2F00289F00C35FA6 = {
						CreatedOnToolsVersion = 26.0.1;
					};
					AACC042D2F0028A100C35FA6 = {
						CreatedOnToolsVersion = 26.0.1;
						TestTargetID = AACC041A2F00289F00C35FA6;
					};
					AACC04372F0028A100C35FA6 = {
						CreatedOnToolsVersion = 26.0.1;
						TestTargetID = AACC041A2F00289F00C35FA6;
					};
				};
			};
			buildConfigurationList = AACC04162F00289F00C35FA6 /* Build configuration list for PBXProject "LazyPacket" */;
			developmentRegion = en;
			hasScannedForEncodings = 0;
			knownRegions = (
				en,
				Base,
			);
			mainGroup = AACC04122F00289F00C35FA6;
			minimizedProjectReferenceProxies = 1;
			packageReferences = (
			);
			preferredProjectObjectVersion = 77;
			productRefGroup = AACC041C2F00289F00C35FA6 /* Products */;
			projectDirPath = "";
			projectRoot = "";
			targets = (
				AACC041A2F00289F00C35FA6 /* LazyPacket */,
				AACC042D2F0028A100C35FA6 /* LazyPacketTests */,
				AACC04372F0028A100C35FA6 /* LazyPacketUITests */,
			);
		};
/* End PBXProject section */

/* Begin PBXResourcesBuildPhase section */
		AACC04192F00289F00C35FA6 /* Resources */ = {
			isa = PBXResourcesBuildPhase;
			buildActionMask = 2147483647;
			files = (
			);
			runOnlyForDeploymentPostprocessing = 0;
		};
		AACC042C2F0028A100C35FA6 /* Resources */ = {
			isa = PBXResourcesBuildPhase;
			buildActionMask = 2147483647;
			files = (
			);
			runOnlyForDeploymentPostprocessing = 0;
		};
		AACC04362F0028A100C35FA6 /* Resources */ = {
			isa = PBXResourcesBuildPhase;
			buildActionMask = 2147483647;
			files = (
			);
			runOnlyForDeploymentPostprocessing = 0;
		};
/* End PBXResourcesBuildPhase section */

/* Begin PBXSourcesBuildPhase section */
		AACC04172F00289F00C35FA6 /* Sources */ = {
			isa = PBXSourcesBuildPhase;
			buildActionMask = 2147483647;
			files = (
				AA92CC002F083981008DB807 /* LazyPacketApp.swift in Sources */,
				AA92CC0E2F083EE7008DB807 /* Colors.swift in Sources */,
				AA92CC082F0839F9008DB807 /* AddDeviceSheet.swift in Sources */,
				AA92CC042F0839AB008DB807 /* DeviceSidebarView.swift in Sources */,
				AA92CC0A2F083A27008DB807 /* WakeOnLANViewModel.swift in Sources */,
				AA92CC022F083986008DB807 /* ContentView.swift in Sources */,
				AA92CBFC2F08381D008DB807 /* IconDesignSystem.swift in Sources */,
				AA92CC062F0839D9008DB807 /* MainContentView.swift in Sources */,
			);
			runOnlyForDeploymentPostprocessing = 0;
		};
		AACC042A2F0028A100C35FA6 /* Sources */ = {
			isa = PBXSourcesBuildPhase;
			buildActionMask = 2147483647;
			files = (
			);
			runOnlyForDeploymentPostprocessing = 0;
		};
		AACC04342F0028A100C35FA6 /* Sources */ = {
			isa = PBXSourcesBuildPhase;
			buildActionMask = 2147483647;
			files = (
			);
			runOnlyForDeploymentPostprocessing = 0;
		};
/* End PBXSourcesBuildPhase section */

/* Begin PBXTargetDependency section */
		AACC04302F0028A100C35FA6 /* PBXTargetDependency */ = {
			isa = PBXTargetDependency;
			target = AACC041A2F00289F00C35FA6 /* LazyPacket */;
			targetProxy = AACC042F2F0028A100C35FA6 /* PBXContainerItemProxy */;
		};
		AACC043A2F0028A100C35FA6 /* PBXTargetDependency */ = {
			isa = PBXTargetDependency;
			target = AACC041A2F00289F00C35FA6 /* LazyPacket */;
			targetProxy = AACC04392F0028A100C35FA6 /* PBXContainerItemProxy */;
		};
/* End PBXTargetDependency section */

/* Begin XCBuildConfiguration section */
		AACC04402F0028A100C35FA6 /* Debug */ = {
			isa = XCBuildConfiguration;
			buildSettings = {
				ALWAYS_SEARCH_USER_PATHS = NO;
				ASSETCATALOG_COMPILER_GENERATE_SWIFT_ASSET_SYMBOL_EXTENSIONS = YES;
				CLANG_ANALYZER_NONNULL = YES;
				CLANG_ANALYZER_NUMBER_OBJECT_CONVERSION = YES_AGGRESSIVE;
				CLANG_CXX_LANGUAGE_STANDARD = "gnu++20";
				CLANG_ENABLE_MODULES = YES;
				CLANG_ENABLE_OBJC_ARC = YES;
				CLANG_ENABLE_OBJC_WEAK = YES;
				CLANG_WARN_BLOCK_CAPTURE_AUTORELEASING = YES;
				CLANG_WARN_BOOL_CONVERSION = YES;
				CLANG_WARN_COMMA = YES;
				CLANG_WARN_CONSTANT_CONVERSION = YES;
				CLANG_WARN_DEPRECATED_OBJC_IMPLEMENTATIONS = YES;
				CLANG_WARN_DIRECT_OBJC_ISA_USAGE = YES_ERROR;
				CLANG_WARN_DOCUMENTATION_COMMENTS = YES;
				CLANG_WARN_EMPTY_BODY = YES;
				CLANG_WARN_ENUM_CONVERSION = YES;
				CLANG_WARN_INFINITE_RECURSION = YES;
				CLANG_WARN_INT_CONVERSION = YES;
				CLANG_WARN_NON_LITERAL_NULL_CONVERSION = YES;
				CLANG_WARN_OBJC_IMPLICIT_RETAIN_SELF = YES;
				CLANG_WARN_OBJC_LITERAL_CONVERSION = YES;
				CLANG_WARN_OBJC_ROOT_CLASS = YES_ERROR;
				CLANG_WARN_QUOTED_INCLUDE_IN_FRAMEWORK_HEADER = YES;
				CLANG_WARN_RANGE_LOOP_ANALYSIS = YES;
				CLANG_WARN_STRICT_PROTOTYPES = YES;
				CLANG_WARN_SUSPICIOUS_MOVE = YES;
				CLANG_WARN_UNGUARDED_AVAILABILITY = YES_AGGRESSIVE;
				CLANG_WARN_UNREACHABLE_CODE = YES;
				CLANG_WARN__DUPLICATE_METHOD_MATCH = YES;
				COPY_PHASE_STRIP = NO;
				DEBUG_INFORMATION_FORMAT = dwarf;
				DEVELOPMENT_TEAM = KA55TB6W4L;
				ENABLE_STRICT_OBJC_MSGSEND = YES;
				ENABLE_TESTABILITY = YES;
				ENABLE_USER_SCRIPT_SANDBOXING = YES;
				GCC_C_LANGUAGE_STANDARD = gnu17;
				GCC_DYNAMIC_NO_PIC = NO;
				GCC_NO_COMMON_BLOCKS = YES;
				GCC_OPTIMIZATION_LEVEL = 0;
				GCC_PREPROCESSOR_DEFINITIONS = (
					"DEBUG=1",
					"$(inherited)",
				);
				GCC_WARN_64_TO_32_BIT_CONVERSION = YES;
				GCC_WARN_ABOUT_RETURN_TYPE = YES_ERROR;
				GCC_WARN_UNDECLARED_SELECTOR = YES;
				GCC_WARN_UNINITIALIZED_AUTOS = YES_AGGRESSIVE;
				GCC_WARN_UNUSED_FUNCTION = YES;
				GCC_WARN_UNUSED_VARIABLE = YES;
				LOCALIZATION_PREFERS_STRING_CATALOGS = YES;
				MACOSX_DEPLOYMENT_TARGET = 26.0;
				MTL_ENABLE_DEBUG_INFO = INCLUDE_SOURCE;
				MTL_FAST_MATH = YES;
				ONLY_ACTIVE_ARCH = YES;
				SDKROOT = macosx;
				SWIFT_ACTIVE_COMPILATION_CONDITIONS = "DEBUG $(inherited)";
				SWIFT_OPTIMIZATION_LEVEL = "-Onone";
			};
			name = Debug;
		};
		AACC04412F0028A100C35FA6 /* Release */ = {
			isa = XCBuildConfiguration;
			buildSettings = {
				ALWAYS_SEARCH_USER_PATHS = NO;
				ASSETCATALOG_COMPILER_GENERATE_SWIFT_ASSET_SYMBOL_EXTENSIONS = YES;
				CLANG_ANALYZER_NONNULL = YES;
				CLANG_ANALYZER_NUMBER_OBJECT_CONVERSION = YES_AGGRESSIVE;
				CLANG_CXX_LANGUAGE_STANDARD = "gnu++20";
				CLANG_ENABLE_MODULES = YES;
				CLANG_ENABLE_OBJC_ARC = YES;
				CLANG_ENABLE_OBJC_WEAK = YES;
				CLANG_WARN_BLOCK_CAPTURE_AUTORELEASING = YES;
				CLANG_WARN_BOOL_CONVERSION = YES;
				CLANG_WARN_COMMA = YES;
				CLANG_WARN_CONSTANT_CONVERSION = YES;
				CLANG_WARN_DEPRECATED_OBJC_IMPLEMENTATIONS = YES;
				CLANG_WARN_DIRECT_OBJC_ISA_USAGE = YES_ERROR;
				CLANG_WARN_DOCUMENTATION_COMMENTS = YES;
				CLANG_WARN_EMPTY_BODY = YES;
				CLANG_WARN_ENUM_CONVERSION = YES;
				CLANG_WARN_INFINITE_RECURSION = YES;
				CLANG_WARN_INT_CONVERSION = YES;
				CLANG_WARN_NON_LITERAL_NULL_CONVERSION = YES;
				CLANG_WARN_OBJC_IMPLICIT_RETAIN_SELF = YES;
				CLANG_WARN_OBJC_LITERAL_CONVERSION = YES;
				CLANG_WARN_OBJC_ROOT_CLASS = YES_ERROR;
				CLANG_WARN_QUOTED_INCLUDE_IN_FRAMEWORK_HEADER = YES;
				CLANG_WARN_RANGE_LOOP_ANALYSIS = YES;
				CLANG_WARN_STRICT_PROTOTYPES = YES;
				CLANG_WARN_SUSPICIOUS_MOVE = YES;
				CLANG_WARN_UNGUARDED_AVAILABILITY = YES_AGGRESSIVE;
				CLANG_WARN_UNREACHABLE_CODE = YES;
				CLANG_WARN__DUPLICATE_METHOD_MATCH = YES;
				COPY_PHASE_STRIP = NO;
				DEBUG_INFORMATION_FORMAT = "dwarf-with-dsym";
				DEVELOPMENT_TEAM = KA55TB6W4L;
				ENABLE_NS_ASSERTIONS = NO;
				ENABLE_STRICT_OBJC_MSGSEND = YES;
				ENABLE_USER_SCRIPT_SANDBOXING = YES;
				GCC_C_LANGUAGE_STANDARD = gnu17;
				GCC_NO_COMMON_BLOCKS = YES;
				GCC_WARN_64_TO_32_BIT_CONVERSION = YES;
				GCC_WARN_ABOUT_RETURN_TYPE = YES_ERROR;
				GCC_WARN_UNDECLARED_SELECTOR = YES;
				GCC_WARN_UNINITIALIZED_AUTOS = YES_AGGRESSIVE;
				GCC_WARN_UNUSED_FUNCTION = YES;
				GCC_WARN_UNUSED_VARIABLE = YES;
				LOCALIZATION_PREFERS_STRING_CATALOGS = YES;
				MACOSX_DEPLOYMENT_TARGET = 26.0;
				MTL_ENABLE_DEBUG_INFO = NO;
				MTL_FAST_MATH = YES;
				SDKROOT = macosx;
				SWIFT_COMPILATION_MODE = wholemodule;
			};
			name = Release;
		};
		AACC04432F0028A100C35FA6 /* Debug */ = {
			isa = XCBuildConfiguration;
			buildSettings = {
				ASSETCATALOG_COMPILER_APPICON_NAME = AppIcon;
				ASSETCATALOG_COMPILER_GLOBAL_ACCENT_COLOR_NAME = AccentColor;
				ASSETCATALOG_COMPILER_INCLUDE_ALL_APPICON_ASSETS = YES;
				CODE_SIGN_ENTITLEMENTS = LazyPacket.entitlements;
				"CODE_SIGN_IDENTITY[sdk=macosx*]" = "Apple Development";
				CODE_SIGN_INJECT_BASE_ENTITLEMENTS = YES;
				CODE_SIGN_STYLE = Automatic;
				COMBINE_HIDPI_IMAGES = YES;
				CURRENT_PROJECT_VERSION = 1;
				DEVELOPMENT_TEAM = JGXSK45D59;
				ENABLE_APP_SANDBOX = YES;
				ENABLE_HARDENED_RUNTIME = YES;
				ENABLE_USER_SELECTED_FILES = readonly;
				GENERATE_INFOPLIST_FILE = YES;
				INFOPLIST_KEY_CFBundleDisplayName = LazyPacket;
				INFOPLIST_KEY_NSHumanReadableCopyright = "";
				INFOPLIST_KEY_NSMainStoryboardFile = Main;
				INFOPLIST_KEY_NSPrincipalClass = NSApplication;
				LD_RUNPATH_SEARCH_PATHS = (
					"$(inherited)",
					"@executable_path/../Frameworks",
				);
				MARKETING_VERSION = 1.0;
				PRODUCT_BUNDLE_IDENTIFIER = com.lostcommunication.LazyPacket;
				PRODUCT_NAME = "$(TARGET_NAME)";
				REGISTER_APP_GROUPS = YES;
				STRING_CATALOG_GENERATE_SYMBOLS = YES;
				SWIFT_APPROACHABLE_CONCURRENCY = YES;
				SWIFT_DEFAULT_ACTOR_ISOLATION = MainActor;
				SWIFT_EMIT_LOC_STRINGS = YES;
				SWIFT_UPCOMING_FEATURE_MEMBER_IMPORT_VISIBILITY = YES;
				SWIFT_VERSION = 5.0;
			};
			name = Debug;
		};
		AACC04442F0028A100C35FA6 /* Release */ = {
			isa = XCBuildConfiguration;
			buildSettings = {
				ASSETCATALOG_COMPILER_APPICON_NAME = AppIcon;
				ASSETCATALOG_COMPILER_GLOBAL_ACCENT_COLOR_NAME = AccentColor;
				ASSETCATALOG_COMPILER_INCLUDE_ALL_APPICON_ASSETS = YES;
				CODE_SIGN_ENTITLEMENTS = LazyPacket.entitlements;
				"CODE_SIGN_IDENTITY[sdk=macosx*]" = "Apple Development";
				CODE_SIGN_INJECT_BASE_ENTITLEMENTS = YES;
				CODE_SIGN_STYLE = Automatic;
				COMBINE_HIDPI_IMAGES = YES;
				CURRENT_PROJECT_VERSION = 1;
				DEVELOPMENT_TEAM = JGXSK45D59;
				ENABLE_APP_SANDBOX = YES;
				ENABLE_HARDENED_RUNTIME = YES;
				ENABLE_USER_SELECTED_FILES = readonly;
				GENERATE_INFOPLIST_FILE = YES;
				INFOPLIST_KEY_CFBundleDisplayName = LazyPacket;
				INFOPLIST_KEY_NSHumanReadableCopyright = "";
				INFOPLIST_KEY_NSMainStoryboardFile = Main;
				INFOPLIST_KEY_NSPrincipalClass = NSApplication;
				LD_RUNPATH_SEARCH_PATHS = (
					"$(inherited)",
					"@executable_path/../Frameworks",
				);
				MARKETING_VERSION = 1.0;
				PRODUCT_BUNDLE_IDENTIFIER = com.lostcommunication.LazyPacket;
				PRODUCT_NAME = "$(TARGET_NAME)";
				REGISTER_APP_GROUPS = YES;
				STRING_CATALOG_GENERATE_SYMBOLS = YES;
				SWIFT_APPROACHABLE_CONCURRENCY = YES;
				SWIFT_DEFAULT_ACTOR_ISOLATION = MainActor;
				SWIFT_EMIT_LOC_STRINGS = YES;
				SWIFT_UPCOMING_FEATURE_MEMBER_IMPORT_VISIBILITY = YES;
				SWIFT_VERSION = 5.0;
			};
			name = Release;
		};
		AACC04462F0028A100C35FA6 /* Debug */ = {
			isa = XCBuildConfiguration;
			buildSettings = {
				BUNDLE_LOADER = "$(TEST_HOST)";
				CODE_SIGN_STYLE = Automatic;
				CURRENT_PROJECT_VERSION = 1;
				DEVELOPMENT_TEAM = KA55TB6W4L;
				GENERATE_INFOPLIST_FILE = YES;
				MACOSX_DEPLOYMENT_TARGET = 26.0;
				MARKETING_VERSION = 1.0;
				PRODUCT_BUNDLE_IDENTIFIER = com.lostcommunication.LazyPacketTests;
				PRODUCT_NAME = "$(TARGET_NAME)";
				STRING_CATALOG_GENERATE_SYMBOLS = NO;
				SWIFT_APPROACHABLE_CONCURRENCY = YES;
				SWIFT_EMIT_LOC_STRINGS = NO;
				SWIFT_UPCOMING_FEATURE_MEMBER_IMPORT_VISIBILITY = YES;
				SWIFT_VERSION = 5.0;
				TEST_HOST = "$(BUILT_PRODUCTS_DIR)/LazyPacket.app/$(BUNDLE_EXECUTABLE_FOLDER_PATH)/LazyPacket";
			};
			name = Debug;
		};
		AACC04472F0028A100C35FA6 /* Release */ = {
			isa = XCBuildConfiguration;
			buildSettings = {
				BUNDLE_LOADER = "$(TEST_HOST)";
				CODE_SIGN_STYLE = Automatic;
				CURRENT_PROJECT_VERSION = 1;
				DEVELOPMENT_TEAM = KA55TB6W4L;
				GENERATE_INFOPLIST_FILE = YES;
				MACOSX_DEPLOYMENT_TARGET = 26.0;
				MARKETING_VERSION = 1.0;
				PRODUCT_BUNDLE_IDENTIFIER = com.lostcommunication.LazyPacketTests;
				PRODUCT_NAME = "$(TARGET_NAME)";
				STRING_CATALOG_GENERATE_SYMBOLS = NO;
				SWIFT_APPROACHABLE_CONCURRENCY = YES;
				SWIFT_EMIT_LOC_STRINGS = NO;
				SWIFT_UPCOMING_FEATURE_MEMBER_IMPORT_VISIBILITY = YES;
				SWIFT_VERSION = 5.0;
				TEST_HOST = "$(BUILT_PRODUCTS_DIR)/LazyPacket.app/$(BUNDLE_EXECUTABLE_FOLDER_PATH)/LazyPacket";
			};
			name = Release;
		};
		AACC04492F0028A100C35FA6 /* Debug */ = {
			isa = XCBuildConfiguration;
			buildSettings = {
				CODE_SIGN_STYLE = Automatic;
				CURRENT_PROJECT_VERSION = 1;
				DEVELOPMENT_TEAM = KA55TB6W4L;
				GENERATE_INFOPLIST_FILE = YES;
				MARKETING_VERSION = 1.0;
				PRODUCT_BUNDLE_IDENTIFIER = com.lostcommunication.LazyPacketUITests;
				PRODUCT_NAME = "$(TARGET_NAME)";
				STRING_CATALOG_GENERATE_SYMBOLS = NO;
				SWIFT_APPROACHABLE_CONCURRENCY = YES;
				SWIFT_EMIT_LOC_STRINGS = NO;
				SWIFT_UPCOMING_FEATURE_MEMBER_IMPORT_VISIBILITY = YES;
				SWIFT_VERSION = 5.0;
				TEST_TARGET_NAME = LazyPacket;
			};
			name = Debug;
		};
		AACC044A2F0028A100C35FA6 /* Release */ = {
			isa = XCBuildConfiguration;
			buildSettings = {
				CODE_SIGN_STYLE = Automatic;
				CURRENT_PROJECT_VERSION = 1;
				DEVELOPMENT_TEAM = KA55TB6W4L;
				GENERATE_INFOPLIST_FILE = YES;
				MARKETING_VERSION = 1.0;
				PRODUCT_BUNDLE_IDENTIFIER = com.lostcommunication.LazyPacketUITests;
				PRODUCT_NAME = "$(TARGET_NAME)";
				STRING_CATALOG_GENERATE_SYMBOLS = NO;
				SWIFT_APPROACHABLE_CONCURRENCY = YES;
				SWIFT_EMIT_LOC_STRINGS = NO;
				SWIFT_UPCOMING_FEATURE_MEMBER_IMPORT_VISIBILITY = YES;
				SWIFT_VERSION = 5.0;
				TEST_TARGET_NAME = LazyPacket;
			};
			name = Release;
		};
/* End XCBuildConfiguration section */

/* Begin XCConfigurationList section */
		AACC04162F00289F00C35FA6 /* Build configuration list for PBXProject "LazyPacket" */ = {
			isa = XCConfigurationList;
			buildConfigurations = (
				AACC04402F0028A100C35FA6 /* Debug */,
				AACC04412F0028A100C35FA6 /* Release */,
			);
			defaultConfigurationIsVisible = 0;
			defaultConfigurationName = Release;
		};
		AACC04422F0028A100C35FA6 /* Build configuration list for PBXNativeTarget "LazyPacket" */ = {
			isa = XCConfigurationList;
			buildConfigurations = (
				AACC04432F0028A100C35FA6 /* Debug */,
				AACC04442F0028A100C35FA6 /* Release */,
			);
			defaultConfigurationIsVisible = 0;
			defaultConfigurationName = Release;
		};
		AACC04452F0028A100C35FA6 /* Build configuration list for PBXNativeTarget "LazyPacketTests" */ = {
			isa = XCConfigurationList;
			buildConfigurations = (
				AACC04462F0028A100C35FA6 /* Debug */,
				AACC04472F0028A100C35FA6 /* Release */,
			);
			defaultConfigurationIsVisible = 0;
			defaultConfigurationName = Release;
		};
		AACC04482F0028A100C35FA6 /* Build configuration list for PBXNativeTarget "LazyPacketUITests" */ = {
			isa = XCConfigurationList;
			buildConfigurations = (
				AACC04492F0028A100C35FA6 /* Debug */,
				AACC044A2F0028A100C35FA6 /* Release */,
			);
			defaultConfigurationIsVisible = 0;
			defaultConfigurationName = Release;
		};
/* End XCConfigurationList section */
	};
	rootObject = AACC04132F00289F00C35FA6 /* Project object */;
}
